
Microsoft Visual Studio Solution File, Format Version 9.00
# Visual Studio 2005
Project("{8BC9CEB8-8B4A-11D0-8D11-00A0C91BC942}") = "imagesoft", "imagesoft_vc8_auto.vcproj", "{061A32D6-96B0-40C3-A5F2-33C55B94CF05}"
EndProject
Global
	GlobalSection(SolutionConfigurationPlatforms) = preSolution
		Debug - Wine headers|Win32 = Debug - Wine headers|Win32
		Debug|Win32 = Debug|Win32
		Release - Wine headers|Win32 = Release - Wine headers|Win32
		Release|Win32 = Release|Win32
		Speed - Wine headers|Win32 = Speed - Wine headers|Win32
		Speed|Win32 = Speed|Win32
	EndGlobalSection
	GlobalSection(ProjectConfigurationPlatforms) = postSolution
		{061A32D6-96B0-40C3-A5F2-33C55B94CF05}.Debug - Wine headers|Win32.ActiveCfg = Debug - Wine headers|Win32
		{061A32D6-96B0-40C3-A5F2-33C55B94CF05}.Debug - Wine headers|Win32.Build.0 = Debug - Wine headers|Win32
		{061A32D6-96B0-40C3-A5F2-33C55B94CF05}.Debug|Win32.ActiveCfg = Debug|Win32
		{061A32D6-96B0-40C3-A5F2-33C55B94CF05}.Debug|Win32.Build.0 = Debug|Win32
		{061A32D6-96B0-40C3-A5F2-33C55B94CF05}.Release - Wine headers|Win32.ActiveCfg = Release - Wine headers|Win32
		{061A32D6-96B0-40C3-A5F2-33C55B94CF05}.Release - Wine headers|Win32.Build.0 = Release - Wine headers|Win32
		{061A32D6-96B0-40C3-A5F2-33C55B94CF05}.Release|Win32.ActiveCfg = Release|Win32
		{061A32D6-96B0-40C3-A5F2-33C55B94CF05}.Release|Win32.Build.0 = Release|Win32
		{061A32D6-96B0-40C3-A5F2-33C55B94CF05}.Speed - Wine headers|Win32.ActiveCfg = Speed - Wine headers|Win32
		{061A32D6-96B0-40C3-A5F2-33C55B94CF05}.Speed - Wine headers|Win32.Build.0 = Speed - Wine headers|Win32
		{061A32D6-96B0-40C3-A5F2-33C55B94CF05}.Speed|Win32.ActiveCfg = Speed|Win32
		{061A32D6-96B0-40C3-A5F2-33C55B94CF05}.Speed|Win32.Build.0 = Speed|Win32
	EndGlobalSection
	GlobalSection(SolutionProperties) = preSolution
		HideSolutionNode = FALSE
	EndGlobalSection
EndGlobal
